
Microsoft Visual Studio Solution File, Format Version 12.00
# Visual Studio 15
VisualStudioVersion = 15.0.27004.2006
MinimumVisualStudioVersion = 10.0.40219.1
Project("{FAE04EC0-301F-11D3-BF4B-00C04F79EFBC}") = "MovieRental", "MovieRental\MovieRental.csproj", "{6E7FB749-4BEB-4160-8AE5-7FBD4EEABFB0}"
EndProject
Global
	GlobalSection(SolutionConfigurationPlatforms) = preSolution
		Debug|Any CPU = Debug|Any CPU
		Release|Any CPU = Release|Any CPU
	EndGlobalSection
	GlobalSection(ProjectConfigurationPlatforms) = postSolution
		{6E7FB749-4BEB-4160-8AE5-7FBD4EEABFB0}.Debug|Any CPU.ActiveCfg = Debug|Any CPU
		{6E7FB749-4BEB-4160-8AE5-7FBD4EEABFB0}.Debug|Any CPU.Build.0 = Debug|Any CPU
		{6E7FB749-4BEB-4160-8AE5-7FBD4EEABFB0}.Release|Any CPU.ActiveCfg = Release|Any CPU
		{6E7FB749-4BEB-4160-8AE5-7FBD4EEABFB0}.Release|Any CPU.Build.0 = Release|Any CPU
	EndGlobalSection
	GlobalSection(SolutionProperties) = preSolution
		HideSolutionNode = FALSE
	EndGlobalSection
	GlobalSection(ExtensibilityGlobals) = postSolution
		SolutionGuid = {5D6A6DDB-0827-4BA5-80A5-7EE58D582B3C}
	EndGlobalSection
EndGlobal
